
Microsoft Visual Studio Solution File, Format Version 12.00
# Visual Studio Version 17
VisualStudioVersion = 17.7.34202.233
MinimumVisualStudioVersion = 10.0.40219.1
Project("{FAE04EC0-301F-11D3-BF4B-00C04F79EFBC}") = "sistema para escola", "sistema para escola.csproj", "{E9A774C0-C597-4516-9AF3-3D4FA7A97FDD}"
EndProject
Global
	GlobalSection(SolutionConfigurationPlatforms) = preSolution
		Debug|Any CPU = Debug|Any CPU
		Release|Any CPU = Release|Any CPU
	EndGlobalSection
	GlobalSection(ProjectConfigurationPlatforms) = postSolution
		{E9A774C0-C597-4516-9AF3-3D4FA7A97FDD}.Debug|Any CPU.ActiveCfg = Debug|Any CPU
		{E9A774C0-C597-4516-9AF3-3D4FA7A97FDD}.Debug|Any CPU.Build.0 = Debug|Any CPU
		{E9A774C0-C597-4516-9AF3-3D4FA7A97FDD}.Release|Any CPU.ActiveCfg = Release|Any CPU
		{E9A774C0-C597-4516-9AF3-3D4FA7A97FDD}.Release|Any CPU.Build.0 = Release|Any CPU
	EndGlobalSection
	GlobalSection(SolutionProperties) = preSolution
		HideSolutionNode = FALSE
	EndGlobalSection
	GlobalSection(ExtensibilityGlobals) = postSolution
		SolutionGuid = {2867D89B-0122-413B-9849-FEEC01CF8AC6}
	EndGlobalSection
EndGlobal
